
Microsoft Visual Studio Solution File, Format Version 12.00
# Visual Studio Version 16
VisualStudioVersion = 16.0.31515.178
MinimumVisualStudioVersion = 10.0.40219.1
Project("{FAE04EC0-301F-11D3-BF4B-00C04F79EFBC}") = "online library", "online library\online library.csproj", "{FAC4290B-2C56-456A-8466-12C056FFC603}"
EndProject
Global
	GlobalSection(SolutionConfigurationPlatforms) = preSolution
		Debug|Any CPU = Debug|Any CPU
		Release|Any CPU = Release|Any CPU
	EndGlobalSection
	GlobalSection(ProjectConfigurationPlatforms) = postSolution
		{FAC4290B-2C56-456A-8466-12C056FFC603}.Debug|Any CPU.ActiveCfg = Debug|Any CPU
		{FAC4290B-2C56-456A-8466-12C056FFC603}.Debug|Any CPU.Build.0 = Debug|Any CPU
		{FAC4290B-2C56-456A-8466-12C056FFC603}.Release|Any CPU.ActiveCfg = Release|Any CPU
		{FAC4290B-2C56-456A-8466-12C056FFC603}.Release|Any CPU.Build.0 = Release|Any CPU
	EndGlobalSection
	GlobalSection(SolutionProperties) = preSolution
		HideSolutionNode = FALSE
	EndGlobalSection
	GlobalSection(ExtensibilityGlobals) = postSolution
		SolutionGuid = {96640416-05B1-416B-8619-0267567C295B}
	EndGlobalSection
EndGlobal
